
Microsoft Visual Studio Solution File, Format Version 12.00
# Visual Studio Version 16
VisualStudioVersion = 16.0.30517.126
MinimumVisualStudioVersion = 10.0.40219.1
Project("{FAE04EC0-301F-11D3-BF4B-00C04F79EFBC}") = "TjuvOchPolisMattias", "TjuvOchPolisMattias\TjuvOchPolisMattias.csproj", "{83E4A295-4AB6-4299-BC40-44C1BAA4E0AD}"
EndProject
Global
	GlobalSection(SolutionConfigurationPlatforms) = preSolution
		Debug|Any CPU = Debug|Any CPU
		Release|Any CPU = Release|Any CPU
	EndGlobalSection
	GlobalSection(ProjectConfigurationPlatforms) = postSolution
		{83E4A295-4AB6-4299-BC40-44C1BAA4E0AD}.Debug|Any CPU.ActiveCfg = Debug|Any CPU
		{83E4A295-4AB6-4299-BC40-44C1BAA4E0AD}.Debug|Any CPU.Build.0 = Debug|Any CPU
		{83E4A295-4AB6-4299-BC40-44C1BAA4E0AD}.Release|Any CPU.ActiveCfg = Release|Any CPU
		{83E4A295-4AB6-4299-BC40-44C1BAA4E0AD}.Release|Any CPU.Build.0 = Release|Any CPU
	EndGlobalSection
	GlobalSection(SolutionProperties) = preSolution
		HideSolutionNode = FALSE
	EndGlobalSection
	GlobalSection(ExtensibilityGlobals) = postSolution
		SolutionGuid = {9BB1A682-D8B5-4AF2-BC83-92DCF1BCC313}
	EndGlobalSection
EndGlobal
